PATH
  remote: .
  specs:
    jetspider (0.0.1)
      rkelly-remix (= 0.0.7)

GEM
  remote: https://rubygems.org/
  specs:
    coderay (1.1.0)
    method_source (0.8.2)
    pry (0.10.1)
      coderay (~> 1.1.0)
      method_source (~> 0.8.1)
      slop (~> 3.4)
    rkelly-remix (0.0.7)
    slop (3.6.0)

PLATFORMS
  ruby

DEPENDENCIES
  jetspider!
  pry

BUNDLED WITH
   1.10.2
